{
  "name": "coderdojo-wijchen-template",
  "version": "0.1.0",
  "lockfileVersion": 3,
  "requires": true,
  "packages": {
    "": {
      "name": "coderdojo-wijchen-template",
      "version": "0.1.0",
      "license": "MIT",
      "dependencies": {
        "@hansjovis/sharkdown": "file:../sharkdown",
        "@hansjovis/static-site-generator": "file:../site-generator"
      }
    },
    "../coderdojo-generator": {
      "name": "@hansjovis/static-site-generator",
      "version": "0.1.0",
      "extraneous": true,
      "dependencies": {
        "@hansjovis/sharkdown": "file:../sharkdown"
      },
      "bin": {
        "static-site-generate": "bin/generate.js"
      },
      "devDependencies": {
        "@types/node": "^20.14.2",
        "typescript": "^5.4.5"
      }
    },
    "../sharkdown": {
      "name": "@hansjovis/sharkdown",
      "version": "0.1.0",
      "bin": {
        "parse-sharkdown": "bin/parse-sharkdown.js"
      },
      "devDependencies": {
        "@types/node": "^20.14.2",
        "typescript": "^5.4.5"
      }
    },
    "../site-generator": {
      "name": "@hansjovis/static-site-generator",
      "version": "0.1.0",
      "dependencies": {
        "@hansjovis/sharkdown": "file:../sharkdown"
      },
      "bin": {
        "static-site-generate": "bin/generate.js"
      },
      "devDependencies": {
        "@types/node": "^20.14.2",
        "typescript": "^5.4.5"
      }
    },
    "node_modules/@hansjovis/sharkdown": {
      "resolved": "../sharkdown",
      "link": true
    },
    "node_modules/@hansjovis/static-site-generator": {
      "resolved": "../site-generator",
      "link": true
    }
  }
}
